
Microsoft Visual Studio Solution File, Format Version 12.00
# Visual Studio Version 17
VisualStudioVersion = 17.0.31903.59
MinimumVisualStudioVersion = 10.0.40219.1
Project("{2150E333-8FDC-42A3-9474-1A3956D46DE8}") = "src", "src", "{D5B405F0-8412-4D57-B623-2621EDD40510}"
EndProject
Project("{FAE04EC0-301F-11D3-BF4B-00C04F79EFBC}") = "Atriis.Api", "src\Atriis.Api\Atriis.Api.csproj", "{8CBD5986-0615-4D3B-B45B-598C84A239C8}"
EndProject
Project("{2150E333-8FDC-42A3-9474-1A3956D46DE8}") = "tests", "tests", "{5F5E0968-63A1-452C-AE55-F0E7210E0E4B}"
EndProject
Project("{FAE04EC0-301F-11D3-BF4B-00C04F79EFBC}") = "Atriis.Api.Tests", "tests\Atriis.Api.Tests\Atriis.Api.Tests.csproj", "{9153B84F-7C41-40D5-9ACD-568825989149}"
EndProject
Global
	GlobalSection(SolutionConfigurationPlatforms) = preSolution
		Debug|Any CPU = Debug|Any CPU
		Release|Any CPU = Release|Any CPU
	EndGlobalSection
	GlobalSection(SolutionProperties) = preSolution
		HideSolutionNode = FALSE
	EndGlobalSection
	GlobalSection(ProjectConfigurationPlatforms) = postSolution
		{8CBD5986-0615-4D3B-B45B-598C84A239C8}.Debug|Any CPU.ActiveCfg = Debug|Any CPU
		{8CBD5986-0615-4D3B-B45B-598C84A239C8}.Debug|Any CPU.Build.0 = Debug|Any CPU
		{8CBD5986-0615-4D3B-B45B-598C84A239C8}.Release|Any CPU.ActiveCfg = Release|Any CPU
		{8CBD5986-0615-4D3B-B45B-598C84A239C8}.Release|Any CPU.Build.0 = Release|Any CPU
		{9153B84F-7C41-40D5-9ACD-568825989149}.Debug|Any CPU.ActiveCfg = Debug|Any CPU
		{9153B84F-7C41-40D5-9ACD-568825989149}.Debug|Any CPU.Build.0 = Debug|Any CPU
		{9153B84F-7C41-40D5-9ACD-568825989149}.Release|Any CPU.ActiveCfg = Release|Any CPU
		{9153B84F-7C41-40D5-9ACD-568825989149}.Release|Any CPU.Build.0 = Release|Any CPU
	EndGlobalSection
	GlobalSection(NestedProjects) = preSolution
		{8CBD5986-0615-4D3B-B45B-598C84A239C8} = {D5B405F0-8412-4D57-B623-2621EDD40510}
		{9153B84F-7C41-40D5-9ACD-568825989149} = {5F5E0968-63A1-452C-AE55-F0E7210E0E4B}
	EndGlobalSection
EndGlobal
